
Microsoft Visual Studio Solution File, Format Version 12.00
# Visual Studio Version 16
VisualStudioVersion = 16.0.35425.106
MinimumVisualStudioVersion = 10.0.40219.1
Project("{FAE04EC0-301F-11D3-BF4B-00C04F79EFBC}") = "cs-taskscheduler", "cs-taskscheduler.csproj", "{F64C7B9D-87D6-4877-AC3A-26FABC2F4140}"
EndProject
Global
	GlobalSection(SolutionConfigurationPlatforms) = preSolution
		Debug|Any CPU = Debug|Any CPU
		Release|Any CPU = Release|Any CPU
	EndGlobalSection
	GlobalSection(ProjectConfigurationPlatforms) = postSolution
		{F64C7B9D-87D6-4877-AC3A-26FABC2F4140}.Debug|Any CPU.ActiveCfg = Debug|Any CPU
		{F64C7B9D-87D6-4877-AC3A-26FABC2F4140}.Debug|Any CPU.Build.0 = Debug|Any CPU
		{F64C7B9D-87D6-4877-AC3A-26FABC2F4140}.Release|Any CPU.ActiveCfg = Release|Any CPU
		{F64C7B9D-87D6-4877-AC3A-26FABC2F4140}.Release|Any CPU.Build.0 = Release|Any CPU
	EndGlobalSection
	GlobalSection(SolutionProperties) = preSolution
		HideSolutionNode = FALSE
	EndGlobalSection
	GlobalSection(ExtensibilityGlobals) = postSolution
		SolutionGuid = {14963360-C510-48CB-9E8A-91F444788622}
	EndGlobalSection
EndGlobal
